{
  "lockfileVersion": 1,
  "workspaces": {
    "": {
      "name": "ai-software-factory",
      "devDependencies": {
        "turbo": "^2.3.0",
        "typescript": "^5.7.0",
      },
    },
    "packages/shared": {
      "name": "@factory/shared",
      "version": "0.1.0",
      "devDependencies": {
        "typescript": "^5.7.0",
      },
    },
  },
  "packages": {
    "@factory/shared": ["@factory/shared@workspace:packages/shared"],

    "turbo": ["turbo@2.7.4", "", { "optionalDependencies": { "turbo-darwin-64": "2.7.4", "turbo-darwin-arm64": "2.7.4", "turbo-linux-64": "2.7.4", "turbo-linux-arm64": "2.7.4", "turbo-windows-64": "2.7.4", "turbo-windows-arm64": "2.7.4" }, "bin": { "turbo": "bin/turbo" } }, "sha512-bkO4AddmDishzJB2ze7aYYPaejMoJVfS0XnaR6RCdXFOY8JGJfQE+l9fKiV7uDPa5Ut44gmOWJL3894CIMeH9g=="],

    "turbo-darwin-64": ["turbo-darwin-64@2.7.4", "", { "os": "darwin", "cpu": "x64" }, "sha512-xDR30ltfkSsRfGzABBckvl1nz1cZ3ssTujvdj+TPwOweeDRvZ0e06t5DS0rmRBvyKpgGs42K/EK6Mn2qLlFY9A=="],

    "turbo-darwin-arm64": ["turbo-darwin-arm64@2.7.4", "", { "os": "darwin", "cpu": "arm64" }, "sha512-P7sjqXtOL/+nYWPvcDGWhi8wf8M8mZHHB8XEzw2VX7VJrS8IGHyJHGD1AYfDvhAEcr7pnk3gGifz3/xyhI655w=="],

    "turbo-linux-64": ["turbo-linux-64@2.7.4", "", { "os": "linux", "cpu": "x64" }, "sha512-GofFOxRO/IhG8BcPyMSSB3Y2+oKQotsaYbHxL9yD6JPb20/o35eo+zUSyazOtilAwDHnak5dorAJFoFU8MIg2A=="],

    "turbo-linux-arm64": ["turbo-linux-arm64@2.7.4", "", { "os": "linux", "cpu": "arm64" }, "sha512-+RQKgNjksVPxYAyAgmDV7w/1qj++qca+nSNTAOKGOfJiDtSvRKoci89oftJ6anGs00uamLKVEQ712TI/tfNAIw=="],

    "turbo-windows-64": ["turbo-windows-64@2.7.4", "", { "os": "win32", "cpu": "x64" }, "sha512-rfak1+g+ON3czs1mDYsCS4X74ZmK6gOgRQTXjDICtzvR4o61paqtgAYtNPofcVsMWeF4wvCajSeoAkkeAnQ1kg=="],

    "turbo-windows-arm64": ["turbo-windows-arm64@2.7.4", "", { "os": "win32", "cpu": "arm64" }, "sha512-1ZgBNjNRbDu/fPeqXuX9i26x3CJ/Y1gcwUpQ+Vp7kN9Un6RZ9kzs164f/knrjcu5E+szCRexVjRSJay1k5jApA=="],

    "typescript": ["typescript@5.9.3", "", { "bin": { "tsc": "bin/tsc", "tsserver": "bin/tsserver" } }, "sha512-jl1vZzPDinLr9eUt3J/t7V6FgNEw9QjvBPdysz9KfQDD41fQrC2Y4vKQdiaUpFT4bXlb1RHhLpp8wtm6M5TgSw=="],
  }
}
